
Microsoft Visual Studio Solution File, Format Version 12.00
# Visual Studio Version 16
VisualStudioVersion = 16.0.31729.503
MinimumVisualStudioVersion = 10.0.40219.1
Project("{FAE04EC0-301F-11D3-BF4B-00C04F79EFBC}") = "Products", "Products\Products.csproj", "{B10630C9-9A5E-416C-9F5E-642ED7A3290F}"
EndProject
Global
	GlobalSection(SolutionConfigurationPlatforms) = preSolution
		Debug|Any CPU = Debug|Any CPU
		Release|Any CPU = Release|Any CPU
	EndGlobalSection
	GlobalSection(ProjectConfigurationPlatforms) = postSolution
		{B10630C9-9A5E-416C-9F5E-642ED7A3290F}.Debug|Any CPU.ActiveCfg = Debug|Any CPU
		{B10630C9-9A5E-416C-9F5E-642ED7A3290F}.Debug|Any CPU.Build.0 = Debug|Any CPU
		{B10630C9-9A5E-416C-9F5E-642ED7A3290F}.Release|Any CPU.ActiveCfg = Release|Any CPU
		{B10630C9-9A5E-416C-9F5E-642ED7A3290F}.Release|Any CPU.Build.0 = Release|Any CPU
	EndGlobalSection
	GlobalSection(SolutionProperties) = preSolution
		HideSolutionNode = FALSE
	EndGlobalSection
	GlobalSection(ExtensibilityGlobals) = postSolution
		SolutionGuid = {5D449B0E-4C1B-4334-9CD2-06490B6709F0}
	EndGlobalSection
EndGlobal
